
Microsoft Visual Studio Solution File, Format Version 12.00
# Visual Studio Version 17
VisualStudioVersion = 17.2.32516.85
MinimumVisualStudioVersion = 10.0.40219.1
Project("{FAE04EC0-301F-11D3-BF4B-00C04F79EFBC}") = "TeamsNotesApi", "TeamsNotesApi\TeamsNotesApi.csproj", "{490E441E-7797-44C0-9CF8-12FE9628BCAC}"
EndProject
Global
	GlobalSection(SolutionConfigurationPlatforms) = preSolution
		Debug|Any CPU = Debug|Any CPU
		Release|Any CPU = Release|Any CPU
	EndGlobalSection
	GlobalSection(ProjectConfigurationPlatforms) = postSolution
		{490E441E-7797-44C0-9CF8-12FE9628BCAC}.Debug|Any CPU.ActiveCfg = Debug|Any CPU
		{490E441E-7797-44C0-9CF8-12FE9628BCAC}.Debug|Any CPU.Build.0 = Debug|Any CPU
		{490E441E-7797-44C0-9CF8-12FE9628BCAC}.Release|Any CPU.ActiveCfg = Release|Any CPU
		{490E441E-7797-44C0-9CF8-12FE9628BCAC}.Release|Any CPU.Build.0 = Release|Any CPU
	EndGlobalSection
	GlobalSection(SolutionProperties) = preSolution
		HideSolutionNode = FALSE
	EndGlobalSection
	GlobalSection(ExtensibilityGlobals) = postSolution
		SolutionGuid = {98FE790C-ED66-4AD0-BA6C-8B696846C71D}
	EndGlobalSection
EndGlobal
